
Microsoft Visual Studio Solution File, Format Version 12.00
# Visual Studio 14
VisualStudioVersion = 14.0.23107.0
MinimumVisualStudioVersion = 10.0.40219.1
Project("{CC5FD16D-436D-48AD-A40C-5A424C6E3E79}") = "SampleCloudServApp", "SampleCloudServApp\SampleCloudServApp.ccproj", "{C91A52BD-61BA-412F-BF55-CE9BD295B80F}"
EndProject
Project("{FAE04EC0-301F-11D3-BF4B-00C04F79EFBC}") = "WebRole1", "WebRole1\WebRole1.csproj", "{C694B4C6-0E2B-4C65-8C76-D37337021995}"
EndProject
Project("{FAE04EC0-301F-11D3-BF4B-00C04F79EFBC}") = "WebRole1.Tests", "WebRole1.Tests\WebRole1.Tests.csproj", "{12026F7B-ECD5-4D5A-B3C2-361A2308FB39}"
EndProject
Project("{FAE04EC0-301F-11D3-BF4B-00C04F79EFBC}") = "WorkerRole1", "WorkerRole1\WorkerRole1.csproj", "{505A2786-3005-42B5-92C8-C6CD231C4E21}"
EndProject
Global
	GlobalSection(SolutionConfigurationPlatforms) = preSolution
		Debug|Any CPU = Debug|Any CPU
		Release|Any CPU = Release|Any CPU
	EndGlobalSection
	GlobalSection(ProjectConfigurationPlatforms) = postSolution
		{C91A52BD-61BA-412F-BF55-CE9BD295B80F}.Debug|Any CPU.ActiveCfg = Debug|Any CPU
		{C91A52BD-61BA-412F-BF55-CE9BD295B80F}.Debug|Any CPU.Build.0 = Debug|Any CPU
		{C91A52BD-61BA-412F-BF55-CE9BD295B80F}.Release|Any CPU.ActiveCfg = Release|Any CPU
		{C91A52BD-61BA-412F-BF55-CE9BD295B80F}.Release|Any CPU.Build.0 = Release|Any CPU
		{C694B4C6-0E2B-4C65-8C76-D37337021995}.Debug|Any CPU.ActiveCfg = Debug|Any CPU
		{C694B4C6-0E2B-4C65-8C76-D37337021995}.Debug|Any CPU.Build.0 = Debug|Any CPU
		{C694B4C6-0E2B-4C65-8C76-D37337021995}.Release|Any CPU.ActiveCfg = Release|Any CPU
		{C694B4C6-0E2B-4C65-8C76-D37337021995}.Release|Any CPU.Build.0 = Release|Any CPU
		{12026F7B-ECD5-4D5A-B3C2-361A2308FB39}.Debug|Any CPU.ActiveCfg = Debug|Any CPU
		{12026F7B-ECD5-4D5A-B3C2-361A2308FB39}.Debug|Any CPU.Build.0 = Debug|Any CPU
		{12026F7B-ECD5-4D5A-B3C2-361A2308FB39}.Release|Any CPU.ActiveCfg = Release|Any CPU
		{12026F7B-ECD5-4D5A-B3C2-361A2308FB39}.Release|Any CPU.Build.0 = Release|Any CPU
		{505A2786-3005-42B5-92C8-C6CD231C4E21}.Debug|Any CPU.ActiveCfg = Debug|Any CPU
		{505A2786-3005-42B5-92C8-C6CD231C4E21}.Debug|Any CPU.Build.0 = Debug|Any CPU
		{505A2786-3005-42B5-92C8-C6CD231C4E21}.Release|Any CPU.ActiveCfg = Release|Any CPU
		{505A2786-3005-42B5-92C8-C6CD231C4E21}.Release|Any CPU.Build.0 = Release|Any CPU
	EndGlobalSection
	GlobalSection(SolutionProperties) = preSolution
		HideSolutionNode = FALSE
	EndGlobalSection
EndGlobal
